// !$*UTF8*$!
{
	archiveVersion = 1;
	classes = {
	};
	objectVersion = 56;
	objects = {

/* Begin PBXBuildFile section */
		0B5CD8F62986F2C800601467 /* NetworkingManagerQuotesFaliureMock.swift in Sources */ = {isa = PBXBuildFile; fileRef = 0B5CD8F52986F2C800601467 /* NetworkingManagerQuotesFaliureMock.swift */; };
		0B5CD8F82986F2E700601467 /* NetworkingManagerQuotesSuccessMock.swift in Sources */ = {isa = PBXBuildFile; fileRef = 0B5CD8F72986F2E700601467 /* NetworkingManagerQuotesSuccessMock.swift */; };
		0B5CD8FA2986F38200601467 /* NetworkingManager.swift in Sources */ = {isa = PBXBuildFile; fileRef = 0BC73AED297E97CD00800179 /* NetworkingManager.swift */; };
		0B5CD8FB2986F3C600601467 /* NetworkingManager.swift in Sources */ = {isa = PBXBuildFile; fileRef = 0BC73AED297E97CD00800179 /* NetworkingManager.swift */; };
		0B5CD8FC2986F64100601467 /* NetworkingManagerQuotesSuccessMock.swift in Sources */ = {isa = PBXBuildFile; fileRef = 0B5CD8F72986F2E700601467 /* NetworkingManagerQuotesSuccessMock.swift */; };
		0B5CD8FD2986F6A200601467 /* NetworkingManagerQuotesFaliureMock.swift in Sources */ = {isa = PBXBuildFile; fileRef = 0B5CD8F52986F2C800601467 /* NetworkingManagerQuotesFaliureMock.swift */; };
		0B5CD8FE2986F6A300601467 /* NetworkingManagerQuotesFaliureMock.swift in Sources */ = {isa = PBXBuildFile; fileRef = 0B5CD8F52986F2C800601467 /* NetworkingManagerQuotesFaliureMock.swift */; };
		0BC73AB5297E918500800179 /* BreakingBadApp.swift in Sources */ = {isa = PBXBuildFile; fileRef = 0BC73AB4297E918500800179 /* BreakingBadApp.swift */; };
		0BC73AB7297E918500800179 /* ContentView.swift in Sources */ = {isa = PBXBuildFile; fileRef = 0BC73AB6297E918500800179 /* ContentView.swift */; };
		0BC73AB9297E918A00800179 /* Assets.xcassets in Resources */ = {isa = PBXBuildFile; fileRef = 0BC73AB8297E918A00800179 /* Assets.xcassets */; };
		0BC73ABC297E918A00800179 /* Preview Assets.xcassets in Resources */ = {isa = PBXBuildFile; fileRef = 0BC73ABB297E918A00800179 /* Preview Assets.xcassets */; };
		0BC73AC6297E918B00800179 /* BreakingBadTests.swift in Sources */ = {isa = PBXBuildFile; fileRef = 0BC73AC5297E918B00800179 /* BreakingBadTests.swift */; };
		0BC73AD0297E918B00800179 /* BreakingBadUITests.swift in Sources */ = {isa = PBXBuildFile; fileRef = 0BC73ACF297E918B00800179 /* BreakingBadUITests.swift */; };
		0BC73AD2297E918B00800179 /* BreakingBadUITestsLaunchTests.swift in Sources */ = {isa = PBXBuildFile; fileRef = 0BC73AD1297E918B00800179 /* BreakingBadUITestsLaunchTests.swift */; };
		0BC73AE5297E934800800179 /* QuotesListView.swift in Sources */ = {isa = PBXBuildFile; fileRef = 0BC73AE4297E934800800179 /* QuotesListView.swift */; };
		0BC73AE7297E937900800179 /* QuotesListViewModel.swift in Sources */ = {isa = PBXBuildFile; fileRef = 0BC73AE6297E937900800179 /* QuotesListViewModel.swift */; };
		0BC73AEA297E93E900800179 /* Quote.swift in Sources */ = {isa = PBXBuildFile; fileRef = 0BC73AE9297E93E900800179 /* Quote.swift */; };
		0BC73AEE297E97CD00800179 /* NetworkingManager.swift in Sources */ = {isa = PBXBuildFile; fileRef = 0BC73AED297E97CD00800179 /* NetworkingManager.swift */; };
		0BC73AF0297EDD3D00800179 /* Endpoint.swift in Sources */ = {isa = PBXBuildFile; fileRef = 0BC73AEF297EDD3D00800179 /* Endpoint.swift */; };
/* End PBXBuildFile section */

/* Begin PBXContainerItemProxy section */
		0BC73AC2297E918B00800179 /* PBXContainerItemProxy */ = {
			isa = PBXContainerItemProxy;
			containerPortal = 0BC73AA9297E918500800179 /* Project object */;
			proxyType = 1;
			remoteGlobalIDString = 0BC73AB0297E918500800179;
			remoteInfo = BreakingBad;
		};
		0BC73ACC297E918B00800179 /* PBXContainerItemProxy */ = {
			isa = PBXContainerItemProxy;
			containerPortal = 0BC73AA9297E918500800179 /* Project object */;
			proxyType = 1;
			remoteGlobalIDString = 0BC73AB0297E918500800179;
			remoteInfo = BreakingBad;
		};
/* End PBXContainerItemProxy section */

/* Begin PBXFileReference section */
		0B5CD8F52986F2C800601467 /* NetworkingManagerQuotesFaliureMock.swift */ = {isa = PBXFileReference; lastKnownFileType = sourcecode.swift; path = NetworkingManagerQuotesFaliureMock.swift; sourceTree = "<group>"; };
		0B5CD8F72986F2E700601467 /* NetworkingManagerQuotesSuccessMock.swift */ = {isa = PBXFileReference; lastKnownFileType = sourcecode.swift; path = NetworkingManagerQuotesSuccessMock.swift; sourceTree = "<group>"; };
		0BC73AB1297E918500800179 /* BreakingBad.app */ = {isa = PBXFileReference; explicitFileType = wrapper.application; includeInIndex = 0; path = BreakingBad.app; sourceTree = BUILT_PRODUCTS_DIR; };
		0BC73AB4297E918500800179 /* BreakingBadApp.swift */ = {isa = PBXFileReference; lastKnownFileType = sourcecode.swift; path = BreakingBadApp.swift; sourceTree = "<group>"; };
		0BC73AB6297E918500800179 /* ContentView.swift */ = {isa = PBXFileReference; lastKnownFileType = sourcecode.swift; path = ContentView.swift; sourceTree = "<group>"; };
		0BC73AB8297E918A00800179 /* Assets.xcassets */ = {isa = PBXFileReference; lastKnownFileType = folder.assetcatalog; path = Assets.xcassets; sourceTree = "<group>"; };
		0BC73ABB297E918A00800179 /* Preview Assets.xcassets */ = {isa = PBXFileReference; lastKnownFileType = folder.assetcatalog; path = "Preview Assets.xcassets"; sourceTree = "<group>"; };
		0BC73AC1297E918B00800179 /* BreakingBadTests.xctest */ = {isa = PBXFileReference; explicitFileType = wrapper.cfbundle; includeInIndex = 0; path = BreakingBadTests.xctest; sourceTree = BUILT_PRODUCTS_DIR; };
		0BC73AC5297E918B00800179 /* BreakingBadTests.swift */ = {isa = PBXFileReference; lastKnownFileType = sourcecode.swift; path = BreakingBadTests.swift; sourceTree = "<group>"; };
		0BC73ACB297E918B00800179 /* BreakingBadUITests.xctest */ = {isa = PBXFileReference; explicitFileType = wrapper.cfbundle; includeInIndex = 0; path = BreakingBadUITests.xctest; sourceTree = BUILT_PRODUCTS_DIR; };
		0BC73ACF297E918B00800179 /* BreakingBadUITests.swift */ = {isa = PBXFileReference; lastKnownFileType = sourcecode.swift; path = BreakingBadUITests.swift; sourceTree = "<group>"; };
		0BC73AD1297E918B00800179 /* BreakingBadUITestsLaunchTests.swift */ = {isa = PBXFileReference; lastKnownFileType = sourcecode.swift; path = BreakingBadUITestsLaunchTests.swift; sourceTree = "<group>"; };
		0BC73AE4297E934800800179 /* QuotesListView.swift */ = {isa = PBXFileReference; lastKnownFileType = sourcecode.swift; path = QuotesListView.swift; sourceTree = "<group>"; };
		0BC73AE6297E937900800179 /* QuotesListViewModel.swift */ = {isa = PBXFileReference; lastKnownFileType = sourcecode.swift; path = QuotesListViewModel.swift; sourceTree = "<group>"; };
		0BC73AE9297E93E900800179 /* Quote.swift */ = {isa = PBXFileReference; lastKnownFileType = sourcecode.swift; path = Quote.swift; sourceTree = "<group>"; };
		0BC73AED297E97CD00800179 /* NetworkingManager.swift */ = {isa = PBXFileReference; lastKnownFileType = sourcecode.swift; path = NetworkingManager.swift; sourceTree = "<group>"; };
		0BC73AEF297EDD3D00800179 /* Endpoint.swift */ = {isa = PBXFileReference; lastKnownFileType = sourcecode.swift; path = Endpoint.swift; sourceTree = "<group>"; };
/* End PBXFileReference section */

/* Begin PBXFrameworksBuildPhase section */
		0BC73AAE297E918500800179 /* Frameworks */ = {
			isa = PBXFrameworksBuildPhase;
			buildActionMask = 2147483647;
			files = (
			);
			runOnlyForDeploymentPostprocessing = 0;
		};
		0BC73ABE297E918B00800179 /* Frameworks */ = {
			isa = PBXFrameworksBuildPhase;
			buildActionMask = 2147483647;
			files = (
			);
			runOnlyForDeploymentPostprocessing = 0;
		};
		0BC73AC8297E918B00800179 /* Frameworks */ = {
			isa = PBXFrameworksBuildPhase;
			buildActionMask = 2147483647;
			files = (
			);
			runOnlyForDeploymentPostprocessing = 0;
		};
/* End PBXFrameworksBuildPhase section */

/* Begin PBXGroup section */
		0B5CD8F22986F24700601467 /* Networking */ = {
			isa = PBXGroup;
			children = (
				0B5CD8F32986F25800601467 /* Mocks */,
			);
			path = Networking;
			sourceTree = "<group>";
		};
		0B5CD8F32986F25800601467 /* Mocks */ = {
			isa = PBXGroup;
			children = (
				0B5CD8F42986F26200601467 /* Quote */,
			);
			path = Mocks;
			sourceTree = "<group>";
		};
		0B5CD8F42986F26200601467 /* Quote */ = {
			isa = PBXGroup;
			children = (
				0B5CD8F52986F2C800601467 /* NetworkingManagerQuotesFaliureMock.swift */,
				0B5CD8F72986F2E700601467 /* NetworkingManagerQuotesSuccessMock.swift */,
			);
			path = Quote;
			sourceTree = "<group>";
		};
		0BC73AA8297E918500800179 = {
			isa = PBXGroup;
			children = (
				0BC73AB3297E918500800179 /* BreakingBad */,
				0BC73AC4297E918B00800179 /* BreakingBadTests */,
				0BC73ACE297E918B00800179 /* BreakingBadUITests */,
				0BC73AB2297E918500800179 /* Products */,
			);
			sourceTree = "<group>";
		};
		0BC73AB2297E918500800179 /* Products */ = {
			isa = PBXGroup;
			children = (
				0BC73AB1297E918500800179 /* BreakingBad.app */,
				0BC73AC1297E918B00800179 /* BreakingBadTests.xctest */,
				0BC73ACB297E918B00800179 /* BreakingBadUITests.xctest */,
			);
			name = Products;
			sourceTree = "<group>";
		};
		0BC73AB3297E918500800179 /* BreakingBad */ = {
			isa = PBXGroup;
			children = (
				0BC73AEB297E97B800800179 /* Base */,
				0BC73ADE297E92DD00800179 /* Features */,
				0BC73AB4297E918500800179 /* BreakingBadApp.swift */,
				0BC73AB6297E918500800179 /* ContentView.swift */,
				0BC73AB8297E918A00800179 /* Assets.xcassets */,
				0BC73ABA297E918A00800179 /* Preview Content */,
			);
			path = BreakingBad;
			sourceTree = "<group>";
		};
		0BC73ABA297E918A00800179 /* Preview Content */ = {
			isa = PBXGroup;
			children = (
				0BC73ABB297E918A00800179 /* Preview Assets.xcassets */,
			);
			path = "Preview Content";
			sourceTree = "<group>";
		};
		0BC73AC4297E918B00800179 /* BreakingBadTests */ = {
			isa = PBXGroup;
			children = (
				0BC73AC5297E918B00800179 /* BreakingBadTests.swift */,
			);
			path = BreakingBadTests;
			sourceTree = "<group>";
		};
		0BC73ACE297E918B00800179 /* BreakingBadUITests */ = {
			isa = PBXGroup;
			children = (
				0B5CD8F22986F24700601467 /* Networking */,
				0BC73ACF297E918B00800179 /* BreakingBadUITests.swift */,
				0BC73AD1297E918B00800179 /* BreakingBadUITestsLaunchTests.swift */,
			);
			path = BreakingBadUITests;
			sourceTree = "<group>";
		};
		0BC73ADE297E92DD00800179 /* Features */ = {
			isa = PBXGroup;
			children = (
				0BC73ADF297E92E900800179 /* QuotesList */,
			);
			path = Features;
			sourceTree = "<group>";
		};
		0BC73ADF297E92E900800179 /* QuotesList */ = {
			isa = PBXGroup;
			children = (
				0BC73AE8297E93BC00800179 /* ViewModels */,
				0BC73AE1297E92FF00800179 /* Views */,
				0BC73AE0297E92F200800179 /* Models */,
			);
			path = QuotesList;
			sourceTree = "<group>";
		};
		0BC73AE0297E92F200800179 /* Models */ = {
			isa = PBXGroup;
			children = (
				0BC73AE9297E93E900800179 /* Quote.swift */,
			);
			path = Models;
			sourceTree = "<group>";
		};
		0BC73AE1297E92FF00800179 /* Views */ = {
			isa = PBXGroup;
			children = (
				0BC73AE4297E934800800179 /* QuotesListView.swift */,
			);
			path = Views;
			sourceTree = "<group>";
		};
		0BC73AE8297E93BC00800179 /* ViewModels */ = {
			isa = PBXGroup;
			children = (
				0BC73AE6297E937900800179 /* QuotesListViewModel.swift */,
			);
			path = ViewModels;
			sourceTree = "<group>";
		};
		0BC73AEB297E97B800800179 /* Base */ = {
			isa = PBXGroup;
			children = (
				0BC73AEC297E97BF00800179 /* Utils */,
			);
			path = Base;
			sourceTree = "<group>";
		};
		0BC73AEC297E97BF00800179 /* Utils */ = {
			isa = PBXGroup;
			children = (
				0BC73AED297E97CD00800179 /* NetworkingManager.swift */,
				0BC73AEF297EDD3D00800179 /* Endpoint.swift */,
			);
			path = Utils;
			sourceTree = "<group>";
		};
/* End PBXGroup section */

/* Begin PBXNativeTarget section */
		0BC73AB0297E918500800179 /* BreakingBad */ = {
			isa = PBXNativeTarget;
			buildConfigurationList = 0BC73AD5297E918B00800179 /* Build configuration list for PBXNativeTarget "BreakingBad" */;
			buildPhases = (
				0BC73AAD297E918500800179 /* Sources */,
				0BC73AAE297E918500800179 /* Frameworks */,
				0BC73AAF297E918500800179 /* Resources */,
			);
			buildRules = (
			);
			dependencies = (
			);
			name = BreakingBad;
			productName = BreakingBad;
			productReference = 0BC73AB1297E918500800179 /* BreakingBad.app */;
			productType = "com.apple.product-type.application";
		};
		0BC73AC0297E918B00800179 /* BreakingBadTests */ = {
			isa = PBXNativeTarget;
			buildConfigurationList = 0BC73AD8297E918B00800179 /* Build configuration list for PBXNativeTarget "BreakingBadTests" */;
			buildPhases = (
				0BC73ABD297E918B00800179 /* Sources */,
				0BC73ABE297E918B00800179 /* Frameworks */,
				0BC73ABF297E918B00800179 /* Resources */,
			);
			buildRules = (
			);
			dependencies = (
				0BC73AC3297E918B00800179 /* PBXTargetDependency */,
			);
			name = BreakingBadTests;
			productName = BreakingBadTests;
			productReference = 0BC73AC1297E918B00800179 /* BreakingBadTests.xctest */;
			productType = "com.apple.product-type.bundle.unit-test";
		};
		0BC73ACA297E918B00800179 /* BreakingBadUITests */ = {
			isa = PBXNativeTarget;
			buildConfigurationList = 0BC73ADB297E918B00800179 /* Build configuration list for PBXNativeTarget "BreakingBadUITests" */;
			buildPhases = (
				0BC73AC7297E918B00800179 /* Sources */,
				0BC73AC8297E918B00800179 /* Frameworks */,
				0BC73AC9297E918B00800179 /* Resources */,
			);
			buildRules = (
			);
			dependencies = (
				0BC73ACD297E918B00800179 /* PBXTargetDependency */,
			);
			name = BreakingBadUITests;
			productName = BreakingBadUITests;
			productReference = 0BC73ACB297E918B00800179 /* BreakingBadUITests.xctest */;
			productType = "com.apple.product-type.bundle.ui-testing";
		};
/* End PBXNativeTarget section */

/* Begin PBXProject section */
		0BC73AA9297E918500800179 /* Project object */ = {
			isa = PBXProject;
			attributes = {
				BuildIndependentTargetsInParallel = 1;
				LastSwiftUpdateCheck = 1420;
				LastUpgradeCheck = 1420;
				TargetAttributes = {
					0BC73AB0297E918500800179 = {
						CreatedOnToolsVersion = 14.2;
					};
					0BC73AC0297E918B00800179 = {
						CreatedOnToolsVersion = 14.2;
						TestTargetID = 0BC73AB0297E918500800179;
					};
					0BC73ACA297E918B00800179 = {
						CreatedOnToolsVersion = 14.2;
						TestTargetID = 0BC73AB0297E918500800179;
					};
				};
			};
			buildConfigurationList = 0BC73AAC297E918500800179 /* Build configuration list for PBXProject "BreakingBad" */;
			compatibilityVersion = "Xcode 14.0";
			developmentRegion = en;
			hasScannedForEncodings = 0;
			knownRegions = (
				en,
				Base,
			);
			mainGroup = 0BC73AA8297E918500800179;
			productRefGroup = 0BC73AB2297E918500800179 /* Products */;
			projectDirPath = "";
			projectRoot = "";
			targets = (
				0BC73AB0297E918500800179 /* BreakingBad */,
				0BC73AC0297E918B00800179 /* BreakingBadTests */,
				0BC73ACA297E918B00800179 /* BreakingBadUITests */,
			);
		};
/* End PBXProject section */

/* Begin PBXResourcesBuildPhase section */
		0BC73AAF297E918500800179 /* Resources */ = {
			isa = PBXResourcesBuildPhase;
			buildActionMask = 2147483647;
			files = (
				0BC73ABC297E918A00800179 /* Preview Assets.xcassets in Resources */,
				0BC73AB9297E918A00800179 /* Assets.xcassets in Resources */,
			);
			runOnlyForDeploymentPostprocessing = 0;
		};
		0BC73ABF297E918B00800179 /* Resources */ = {
			isa = PBXResourcesBuildPhase;
			buildActionMask = 2147483647;
			files = (
			);
			runOnlyForDeploymentPostprocessing = 0;
		};
		0BC73AC9297E918B00800179 /* Resources */ = {
			isa = PBXResourcesBuildPhase;
			buildActionMask = 2147483647;
			files = (
			);
			runOnlyForDeploymentPostprocessing = 0;
		};
/* End PBXResourcesBuildPhase section */

/* Begin PBXSourcesBuildPhase section */
		0BC73AAD297E918500800179 /* Sources */ = {
			isa = PBXSourcesBuildPhase;
			buildActionMask = 2147483647;
			files = (
				0BC73AF0297EDD3D00800179 /* Endpoint.swift in Sources */,
				0BC73AB7297E918500800179 /* ContentView.swift in Sources */,
				0B5CD8FC2986F64100601467 /* NetworkingManagerQuotesSuccessMock.swift in Sources */,
				0BC73AB5297E918500800179 /* BreakingBadApp.swift in Sources */,
				0BC73AE7297E937900800179 /* QuotesListViewModel.swift in Sources */,
				0BC73AEE297E97CD00800179 /* NetworkingManager.swift in Sources */,
				0B5CD8FD2986F6A200601467 /* NetworkingManagerQuotesFaliureMock.swift in Sources */,
				0BC73AEA297E93E900800179 /* Quote.swift in Sources */,
				0BC73AE5297E934800800179 /* QuotesListView.swift in Sources */,
			);
			runOnlyForDeploymentPostprocessing = 0;
		};
		0BC73ABD297E918B00800179 /* Sources */ = {
			isa = PBXSourcesBuildPhase;
			buildActionMask = 2147483647;
			files = (
				0B5CD8FE2986F6A300601467 /* NetworkingManagerQuotesFaliureMock.swift in Sources */,
				0BC73AC6297E918B00800179 /* BreakingBadTests.swift in Sources */,
				0B5CD8FA2986F38200601467 /* NetworkingManager.swift in Sources */,
			);
			runOnlyForDeploymentPostprocessing = 0;
		};
		0BC73AC7297E918B00800179 /* Sources */ = {
			isa = PBXSourcesBuildPhase;
			buildActionMask = 2147483647;
			files = (
				0B5CD8F62986F2C800601467 /* NetworkingManagerQuotesFaliureMock.swift in Sources */,
				0BC73AD0297E918B00800179 /* BreakingBadUITests.swift in Sources */,
				0B5CD8F82986F2E700601467 /* NetworkingManagerQuotesSuccessMock.swift in Sources */,
				0B5CD8FB2986F3C600601467 /* NetworkingManager.swift in Sources */,
				0BC73AD2297E918B00800179 /* BreakingBadUITestsLaunchTests.swift in Sources */,
			);
			runOnlyForDeploymentPostprocessing = 0;
		};
/* End PBXSourcesBuildPhase section */

/* Begin PBXTargetDependency section */
		0BC73AC3297E918B00800179 /* PBXTargetDependency */ = {
			isa = PBXTargetDependency;
			target = 0BC73AB0297E918500800179 /* BreakingBad */;
			targetProxy = 0BC73AC2297E918B00800179 /* PBXContainerItemProxy */;
		};
		0BC73ACD297E918B00800179 /* PBXTargetDependency */ = {
			isa = PBXTargetDependency;
			target = 0BC73AB0297E918500800179 /* BreakingBad */;
			targetProxy = 0BC73ACC297E918B00800179 /* PBXContainerItemProxy */;
		};
/* End PBXTargetDependency section */

/* Begin XCBuildConfiguration section */
		0BC73AD3297E918B00800179 /* Debug */ = {
			isa = XCBuildConfiguration;
			buildSettings = {
				ALWAYS_SEARCH_USER_PATHS = NO;
				CLANG_ANALYZER_NONNULL = YES;
				CLANG_ANALYZER_NUMBER_OBJECT_CONVERSION = YES_AGGRESSIVE;
				CLANG_CXX_LANGUAGE_STANDARD = "gnu++20";
				CLANG_ENABLE_MODULES = YES;
				CLANG_ENABLE_OBJC_ARC = YES;
				CLANG_ENABLE_OBJC_WEAK = YES;
				CLANG_WARN_BLOCK_CAPTURE_AUTORELEASING = YES;
				CLANG_WARN_BOOL_CONVERSION = YES;
				CLANG_WARN_COMMA = YES;
				CLANG_WARN_CONSTANT_CONVERSION = YES;
				CLANG_WARN_DEPRECATED_OBJC_IMPLEMENTATIONS = YES;
				CLANG_WARN_DIRECT_OBJC_ISA_USAGE = YES_ERROR;
				CLANG_WARN_DOCUMENTATION_COMMENTS = YES;
				CLANG_WARN_EMPTY_BODY = YES;
				CLANG_WARN_ENUM_CONVERSION = YES;
				CLANG_WARN_INFINITE_RECURSION = YES;
				CLANG_WARN_INT_CONVERSION = YES;
				CLANG_WARN_NON_LITERAL_NULL_CONVERSION = YES;
				CLANG_WARN_OBJC_IMPLICIT_RETAIN_SELF = YES;
				CLANG_WARN_OBJC_LITERAL_CONVERSION = YES;
				CLANG_WARN_OBJC_ROOT_CLASS = YES_ERROR;
				CLANG_WARN_QUOTED_INCLUDE_IN_FRAMEWORK_HEADER = YES;
				CLANG_WARN_RANGE_LOOP_ANALYSIS = YES;
				CLANG_WARN_STRICT_PROTOTYPES = YES;
				CLANG_WARN_SUSPICIOUS_MOVE = YES;
				CLANG_WARN_UNGUARDED_AVAILABILITY = YES_AGGRESSIVE;
				CLANG_WARN_UNREACHABLE_CODE = YES;
				CLANG_WARN__DUPLICATE_METHOD_MATCH = YES;
				COPY_PHASE_STRIP = NO;
				DEBUG_INFORMATION_FORMAT = dwarf;
				ENABLE_STRICT_OBJC_MSGSEND = YES;
				ENABLE_TESTABILITY = YES;
				GCC_C_LANGUAGE_STANDARD = gnu11;
				GCC_DYNAMIC_NO_PIC = NO;
				GCC_NO_COMMON_BLOCKS = YES;
				GCC_OPTIMIZATION_LEVEL = 0;
				GCC_PREPROCESSOR_DEFINITIONS = (
					"DEBUG=1",
					"$(inherited)",
				);
				GCC_WARN_64_TO_32_BIT_CONVERSION = YES;
				GCC_WARN_ABOUT_RETURN_TYPE = YES_ERROR;
				GCC_WARN_UNDECLARED_SELECTOR = YES;
				GCC_WARN_UNINITIALIZED_AUTOS = YES_AGGRESSIVE;
				GCC_WARN_UNUSED_FUNCTION = YES;
				GCC_WARN_UNUSED_VARIABLE = YES;
				IPHONEOS_DEPLOYMENT_TARGET = 16.2;
				MTL_ENABLE_DEBUG_INFO = INCLUDE_SOURCE;
				MTL_FAST_MATH = YES;
				ONLY_ACTIVE_ARCH = YES;
				SDKROOT = iphoneos;
				SWIFT_ACTIVE_COMPILATION_CONDITIONS = DEBUG;
				SWIFT_OPTIMIZATION_LEVEL = "-Onone";
			};
			name = Debug;
		};
		0BC73AD4297E918B00800179 /* Release */ = {
			isa = XCBuildConfiguration;
			buildSettings = {
				ALWAYS_SEARCH_USER_PATHS = NO;
				CLANG_ANALYZER_NONNULL = YES;
				CLANG_ANALYZER_NUMBER_OBJECT_CONVERSION = YES_AGGRESSIVE;
				CLANG_CXX_LANGUAGE_STANDARD = "gnu++20";
				CLANG_ENABLE_MODULES = YES;
				CLANG_ENABLE_OBJC_ARC = YES;
				CLANG_ENABLE_OBJC_WEAK = YES;
				CLANG_WARN_BLOCK_CAPTURE_AUTORELEASING = YES;
				CLANG_WARN_BOOL_CONVERSION = YES;
				CLANG_WARN_COMMA = YES;
				CLANG_WARN_CONSTANT_CONVERSION = YES;
				CLANG_WARN_DEPRECATED_OBJC_IMPLEMENTATIONS = YES;
				CLANG_WARN_DIRECT_OBJC_ISA_USAGE = YES_ERROR;
				CLANG_WARN_DOCUMENTATION_COMMENTS = YES;
				CLANG_WARN_EMPTY_BODY = YES;
				CLANG_WARN_ENUM_CONVERSION = YES;
				CLANG_WARN_INFINITE_RECURSION = YES;
				CLANG_WARN_INT_CONVERSION = YES;
				CLANG_WARN_NON_LITERAL_NULL_CONVERSION = YES;
				CLANG_WARN_OBJC_IMPLICIT_RETAIN_SELF = YES;
				CLANG_WARN_OBJC_LITERAL_CONVERSION = YES;
				CLANG_WARN_OBJC_ROOT_CLASS = YES_ERROR;
				CLANG_WARN_QUOTED_INCLUDE_IN_FRAMEWORK_HEADER = YES;
				CLANG_WARN_RANGE_LOOP_ANALYSIS = YES;
				CLANG_WARN_STRICT_PROTOTYPES = YES;
				CLANG_WARN_SUSPICIOUS_MOVE = YES;
				CLANG_WARN_UNGUARDED_AVAILABILITY = YES_AGGRESSIVE;
				CLANG_WARN_UNREACHABLE_CODE = YES;
				CLANG_WARN__DUPLICATE_METHOD_MATCH = YES;
				COPY_PHASE_STRIP = NO;
				DEBUG_INFORMATION_FORMAT = "dwarf-with-dsym";
				ENABLE_NS_ASSERTIONS = NO;
				ENABLE_STRICT_OBJC_MSGSEND = YES;
				GCC_C_LANGUAGE_STANDARD = gnu11;
				GCC_NO_COMMON_BLOCKS = YES;
				GCC_WARN_64_TO_32_BIT_CONVERSION = YES;
				GCC_WARN_ABOUT_RETURN_TYPE = YES_ERROR;
				GCC_WARN_UNDECLARED_SELECTOR = YES;
				GCC_WARN_UNINITIALIZED_AUTOS = YES_AGGRESSIVE;
				GCC_WARN_UNUSED_FUNCTION = YES;
				GCC_WARN_UNUSED_VARIABLE = YES;
				IPHONEOS_DEPLOYMENT_TARGET = 16.2;
				MTL_ENABLE_DEBUG_INFO = NO;
				MTL_FAST_MATH = YES;
				SDKROOT = iphoneos;
				SWIFT_COMPILATION_MODE = wholemodule;
				SWIFT_OPTIMIZATION_LEVEL = "-O";
				VALIDATE_PRODUCT = YES;
			};
			name = Release;
		};
		0BC73AD6297E918B00800179 /* Debug */ = {
			isa = XCBuildConfiguration;
			buildSettings = {
				ASSETCATALOG_COMPILER_APPICON_NAME = AppIcon;
				ASSETCATALOG_COMPILER_GLOBAL_ACCENT_COLOR_NAME = AccentColor;
				CODE_SIGN_STYLE = Automatic;
				CURRENT_PROJECT_VERSION = 1;
				DEVELOPMENT_ASSET_PATHS = "\"BreakingBad/Preview Content\"";
				DEVELOPMENT_TEAM = J4Z7QN3M6A;
				ENABLE_PREVIEWS = YES;
				GENERATE_INFOPLIST_FILE = YES;
				INFOPLIST_KEY_UIApplicationSceneManifest_Generation = YES;
				INFOPLIST_KEY_UIApplicationSupportsIndirectInputEvents = YES;
				INFOPLIST_KEY_UILaunchScreen_Generation = YES;
				INFOPLIST_KEY_UISupportedInterfaceOrientations_iPad = "UIInterfaceOrientationPortrait UIInterfaceOrientationPortraitUpsideDown UIInterfaceOrientationLandscapeLeft UIInterfaceOrientationLandscapeRight";
				INFOPLIST_KEY_UISupportedInterfaceOrientations_iPhone = "UIInterfaceOrientationPortrait UIInterfaceOrientationLandscapeLeft UIInterfaceOrientationLandscapeRight";
				LD_RUNPATH_SEARCH_PATHS = (
					"$(inherited)",
					"@executable_path/Frameworks",
				);
				MARKETING_VERSION = 1.0;
				PRODUCT_BUNDLE_IDENTIFIER = cohenzuri.com.BreakingBad;
				PRODUCT_NAME = "$(TARGET_NAME)";
				SWIFT_EMIT_LOC_STRINGS = YES;
				SWIFT_VERSION = 5.0;
				TARGETED_DEVICE_FAMILY = "1,2";
			};
			name = Debug;
		};
		0BC73AD7297E918B00800179 /* Release */ = {
			isa = XCBuildConfiguration;
			buildSettings = {
				ASSETCATALOG_COMPILER_APPICON_NAME = AppIcon;
				ASSETCATALOG_COMPILER_GLOBAL_ACCENT_COLOR_NAME = AccentColor;
				CODE_SIGN_STYLE = Automatic;
				CURRENT_PROJECT_VERSION = 1;
				DEVELOPMENT_ASSET_PATHS = "\"BreakingBad/Preview Content\"";
				DEVELOPMENT_TEAM = J4Z7QN3M6A;
				ENABLE_PREVIEWS = YES;
				GENERATE_INFOPLIST_FILE = YES;
				INFOPLIST_KEY_UIApplicationSceneManifest_Generation = YES;
				INFOPLIST_KEY_UIApplicationSupportsIndirectInputEvents = YES;
				INFOPLIST_KEY_UILaunchScreen_Generation = YES;
				INFOPLIST_KEY_UISupportedInterfaceOrientations_iPad = "UIInterfaceOrientationPortrait UIInterfaceOrientationPortraitUpsideDown UIInterfaceOrientationLandscapeLeft UIInterfaceOrientationLandscapeRight";
				INFOPLIST_KEY_UISupportedInterfaceOrientations_iPhone = "UIInterfaceOrientationPortrait UIInterfaceOrientationLandscapeLeft UIInterfaceOrientationLandscapeRight";
				LD_RUNPATH_SEARCH_PATHS = (
					"$(inherited)",
					"@executable_path/Frameworks",
				);
				MARKETING_VERSION = 1.0;
				PRODUCT_BUNDLE_IDENTIFIER = cohenzuri.com.BreakingBad;
				PRODUCT_NAME = "$(TARGET_NAME)";
				SWIFT_EMIT_LOC_STRINGS = YES;
				SWIFT_VERSION = 5.0;
				TARGETED_DEVICE_FAMILY = "1,2";
			};
			name = Release;
		};
		0BC73AD9297E918B00800179 /* Debug */ = {
			isa = XCBuildConfiguration;
			buildSettings = {
				ALWAYS_EMBED_SWIFT_STANDARD_LIBRARIES = YES;
				BUNDLE_LOADER = "$(TEST_HOST)";
				CODE_SIGN_STYLE = Automatic;
				CURRENT_PROJECT_VERSION = 1;
				DEVELOPMENT_TEAM = J4Z7QN3M6A;
				GENERATE_INFOPLIST_FILE = YES;
				IPHONEOS_DEPLOYMENT_TARGET = 16.2;
				MARKETING_VERSION = 1.0;
				PRODUCT_BUNDLE_IDENTIFIER = cohenzuri.com.BreakingBadTests;
				PRODUCT_NAME = "$(TARGET_NAME)";
				SWIFT_EMIT_LOC_STRINGS = NO;
				SWIFT_VERSION = 5.0;
				TARGETED_DEVICE_FAMILY = "1,2";
				TEST_HOST = "$(BUILT_PRODUCTS_DIR)/BreakingBad.app/$(BUNDLE_EXECUTABLE_FOLDER_PATH)/BreakingBad";
			};
			name = Debug;
		};
		0BC73ADA297E918B00800179 /* Release */ = {
			isa = XCBuildConfiguration;
			buildSettings = {
				ALWAYS_EMBED_SWIFT_STANDARD_LIBRARIES = YES;
				BUNDLE_LOADER = "$(TEST_HOST)";
				CODE_SIGN_STYLE = Automatic;
				CURRENT_PROJECT_VERSION = 1;
				DEVELOPMENT_TEAM = J4Z7QN3M6A;
				GENERATE_INFOPLIST_FILE = YES;
				IPHONEOS_DEPLOYMENT_TARGET = 16.2;
				MARKETING_VERSION = 1.0;
				PRODUCT_BUNDLE_IDENTIFIER = cohenzuri.com.BreakingBadTests;
				PRODUCT_NAME = "$(TARGET_NAME)";
				SWIFT_EMIT_LOC_STRINGS = NO;
				SWIFT_VERSION = 5.0;
				TARGETED_DEVICE_FAMILY = "1,2";
				TEST_HOST = "$(BUILT_PRODUCTS_DIR)/BreakingBad.app/$(BUNDLE_EXECUTABLE_FOLDER_PATH)/BreakingBad";
			};
			name = Release;
		};
		0BC73ADC297E918B00800179 /* Debug */ = {
			isa = XCBuildConfiguration;
			buildSettings = {
				ALWAYS_EMBED_SWIFT_STANDARD_LIBRARIES = YES;
				CODE_SIGN_STYLE = Automatic;
				CURRENT_PROJECT_VERSION = 1;
				DEVELOPMENT_TEAM = J4Z7QN3M6A;
				GENERATE_INFOPLIST_FILE = YES;
				MARKETING_VERSION = 1.0;
				PRODUCT_BUNDLE_IDENTIFIER = cohenzuri.com.BreakingBadUITests;
				PRODUCT_NAME = "$(TARGET_NAME)";
				SWIFT_EMIT_LOC_STRINGS = NO;
				SWIFT_VERSION = 5.0;
				TARGETED_DEVICE_FAMILY = "1,2";
				TEST_TARGET_NAME = BreakingBad;
			};
			name = Debug;
		};
		0BC73ADD297E918B00800179 /* Release */ = {
			isa = XCBuildConfiguration;
			buildSettings = {
				ALWAYS_EMBED_SWIFT_STANDARD_LIBRARIES = YES;
				CODE_SIGN_STYLE = Automatic;
				CURRENT_PROJECT_VERSION = 1;
				DEVELOPMENT_TEAM = J4Z7QN3M6A;
				GENERATE_INFOPLIST_FILE = YES;
				MARKETING_VERSION = 1.0;
				PRODUCT_BUNDLE_IDENTIFIER = cohenzuri.com.BreakingBadUITests;
				PRODUCT_NAME = "$(TARGET_NAME)";
				SWIFT_EMIT_LOC_STRINGS = NO;
				SWIFT_VERSION = 5.0;
				TARGETED_DEVICE_FAMILY = "1,2";
				TEST_TARGET_NAME = BreakingBad;
			};
			name = Release;
		};
/* End XCBuildConfiguration section */

/* Begin XCConfigurationList section */
		0BC73AAC297E918500800179 /* Build configuration list for PBXProject "BreakingBad" */ = {
			isa = XCConfigurationList;
			buildConfigurations = (
				0BC73AD3297E918B00800179 /* Debug */,
				0BC73AD4297E918B00800179 /* Release */,
			);
			defaultConfigurationIsVisible = 0;
			defaultConfigurationName = Release;
		};
		0BC73AD5297E918B00800179 /* Build configuration list for PBXNativeTarget "BreakingBad" */ = {
			isa = XCConfigurationList;
			buildConfigurations = (
				0BC73AD6297E918B00800179 /* Debug */,
				0BC73AD7297E918B00800179 /* Release */,
			);
			defaultConfigurationIsVisible = 0;
			defaultConfigurationName = Release;
		};
		0BC73AD8297E918B00800179 /* Build configuration list for PBXNativeTarget "BreakingBadTests" */ = {
			isa = XCConfigurationList;
			buildConfigurations = (
				0BC73AD9297E918B00800179 /* Debug */,
				0BC73ADA297E918B00800179 /* Release */,
			);
			defaultConfigurationIsVisible = 0;
			defaultConfigurationName = Release;
		};
		0BC73ADB297E918B00800179 /* Build configuration list for PBXNativeTarget "BreakingBadUITests" */ = {
			isa = XCConfigurationList;
			buildConfigurations = (
				0BC73ADC297E918B00800179 /* Debug */,
				0BC73ADD297E918B00800179 /* Release */,
			);
			defaultConfigurationIsVisible = 0;
			defaultConfigurationName = Release;
		};
/* End XCConfigurationList section */
	};
	rootObject = 0BC73AA9297E918500800179 /* Project object */;
}
